
Microsoft Visual Studio Solution File, Format Version 12.00
# Visual Studio Version 17
VisualStudioVersion = 17.5.33424.131
MinimumVisualStudioVersion = 10.0.40219.1
Project("{9A19103F-16F7-4668-BE54-9A1E7A4F7556}") = "ABCo.Multicam.UI", "src\ABCo.Multicam.UI\ABCo.Multicam.UI.csproj", "{A203C95F-5EB5-40E4-87AA-70FCA2E70177}"
EndProject
Project("{9A19103F-16F7-4668-BE54-9A1E7A4F7556}") = "ABCo.Multicam.Core", "src\ABCo.Multicam.Core\ABCo.Multicam.Core.csproj", "{9B24EC47-6D83-46C6-83BF-80B0D44B3ED1}"
EndProject
Project("{9A19103F-16F7-4668-BE54-9A1E7A4F7556}") = "ABCo.Multicam.Tests", "tests\ABCo.Multicam.Tests\ABCo.Multicam.Tests.csproj", "{EF650F4A-0685-45EB-A06A-2BE2D8B59975}"
EndProject
Project("{9A19103F-16F7-4668-BE54-9A1E7A4F7556}") = "ABCo.Multicam.Tests.UI.Bindings", "tests\ABCo.Multicam.Tests.UI.Bindings\ABCo.Multicam.Tests.UI.Bindings.csproj", "{1C10BC73-68CA-4764-8CFD-FBF4965B646C}"
EndProject
Project("{9A19103F-16F7-4668-BE54-9A1E7A4F7556}") = "ABCo.Multicam.Tests.UI.ViewModels", "tests\ABCo.Multicam.Tests.UI.ViewModels\ABCo.Multicam.Tests.UI.ViewModels.csproj", "{8AC2FDC9-C0E4-45F7-B3CF-B5ADBD4BBCBA}"
EndProject
Project("{9A19103F-16F7-4668-BE54-9A1E7A4F7556}") = "ABCo.Multicam.UI.Blazor.Desktop", "src\ABCo.Multicam.UI.Blazor.Desktop\ABCo.Multicam.UI.Blazor.Desktop.csproj", "{4322D6E1-324D-4CC3-8479-EDC50A54ECBD}"
EndProject
Project("{9A19103F-16F7-4668-BE54-9A1E7A4F7556}") = "ABCo.Multicam.UI.Blazor.Web", "src\ABCo.Multicam.UI.Blazor.Web\ABCo.Multicam.UI.Blazor.Web.csproj", "{1952E145-5080-49B6-A1C5-1BE3406C5F03}"
EndProject
Project("{2150E333-8FDC-42A3-9474-1A3956D46DE8}") = "Main", "Main", "{0C266115-A33F-4EE7-AF76-F003D6E68A99}"
EndProject
Project("{2150E333-8FDC-42A3-9474-1A3956D46DE8}") = "Tests", "Tests", "{EFA095D1-AE36-456F-A781-6B883626457B}"
EndProject
Project("{9A19103F-16F7-4668-BE54-9A1E7A4F7556}") = "ABCo.Multicam.UI.Blazor", "src\ABCo.Multicam.UI.Blazor\ABCo.Multicam.UI.Blazor.csproj", "{70516EE0-7946-414A-8179-38C39952EBBA}"
EndProject
Project("{9A19103F-16F7-4668-BE54-9A1E7A4F7556}") = "ABCo.Multicam.UI.Blazor.Win32", "ABCo.Multicam.UI.Blazor.Win32\ABCo.Multicam.UI.Blazor.Win32.csproj", "{E453A3B8-EC06-4682-99EA-1581C6A61971}"
EndProject
Global
	GlobalSection(SolutionConfigurationPlatforms) = preSolution
		Debug|Any CPU = Debug|Any CPU
		Release|Any CPU = Release|Any CPU
	EndGlobalSection
	GlobalSection(ProjectConfigurationPlatforms) = postSolution
		{A203C95F-5EB5-40E4-87AA-70FCA2E70177}.Debug|Any CPU.ActiveCfg = Debug|Any CPU
		{A203C95F-5EB5-40E4-87AA-70FCA2E70177}.Debug|Any CPU.Build.0 = Debug|Any CPU
		{A203C95F-5EB5-40E4-87AA-70FCA2E70177}.Release|Any CPU.ActiveCfg = Release|Any CPU
		{A203C95F-5EB5-40E4-87AA-70FCA2E70177}.Release|Any CPU.Build.0 = Release|Any CPU
		{9B24EC47-6D83-46C6-83BF-80B0D44B3ED1}.Debug|Any CPU.ActiveCfg = Debug|Any CPU
		{9B24EC47-6D83-46C6-83BF-80B0D44B3ED1}.Debug|Any CPU.Build.0 = Debug|Any CPU
		{9B24EC47-6D83-46C6-83BF-80B0D44B3ED1}.Release|Any CPU.ActiveCfg = Release|Any CPU
		{9B24EC47-6D83-46C6-83BF-80B0D44B3ED1}.Release|Any CPU.Build.0 = Release|Any CPU
		{EF650F4A-0685-45EB-A06A-2BE2D8B59975}.Debug|Any CPU.ActiveCfg = Debug|Any CPU
		{EF650F4A-0685-45EB-A06A-2BE2D8B59975}.Debug|Any CPU.Build.0 = Debug|Any CPU
		{EF650F4A-0685-45EB-A06A-2BE2D8B59975}.Release|Any CPU.ActiveCfg = Release|Any CPU
		{EF650F4A-0685-45EB-A06A-2BE2D8B59975}.Release|Any CPU.Build.0 = Release|Any CPU
		{1C10BC73-68CA-4764-8CFD-FBF4965B646C}.Debug|Any CPU.ActiveCfg = Debug|Any CPU
		{1C10BC73-68CA-4764-8CFD-FBF4965B646C}.Debug|Any CPU.Build.0 = Debug|Any CPU
		{1C10BC73-68CA-4764-8CFD-FBF4965B646C}.Release|Any CPU.ActiveCfg = Release|Any CPU
		{1C10BC73-68CA-4764-8CFD-FBF4965B646C}.Release|Any CPU.Build.0 = Release|Any CPU
		{8AC2FDC9-C0E4-45F7-B3CF-B5ADBD4BBCBA}.Debug|Any CPU.ActiveCfg = Debug|Any CPU
		{8AC2FDC9-C0E4-45F7-B3CF-B5ADBD4BBCBA}.Debug|Any CPU.Build.0 = Debug|Any CPU
		{8AC2FDC9-C0E4-45F7-B3CF-B5ADBD4BBCBA}.Release|Any CPU.ActiveCfg = Release|Any CPU
		{8AC2FDC9-C0E4-45F7-B3CF-B5ADBD4BBCBA}.Release|Any CPU.Build.0 = Release|Any CPU
		{4322D6E1-324D-4CC3-8479-EDC50A54ECBD}.Debug|Any CPU.ActiveCfg = Debug|Any CPU
		{4322D6E1-324D-4CC3-8479-EDC50A54ECBD}.Debug|Any CPU.Build.0 = Debug|Any CPU
		{4322D6E1-324D-4CC3-8479-EDC50A54ECBD}.Debug|Any CPU.Deploy.0 = Debug|Any CPU
		{4322D6E1-324D-4CC3-8479-EDC50A54ECBD}.Release|Any CPU.ActiveCfg = Release|Any CPU
		{4322D6E1-324D-4CC3-8479-EDC50A54ECBD}.Release|Any CPU.Build.0 = Release|Any CPU
		{4322D6E1-324D-4CC3-8479-EDC50A54ECBD}.Release|Any CPU.Deploy.0 = Release|Any CPU
		{1952E145-5080-49B6-A1C5-1BE3406C5F03}.Debug|Any CPU.ActiveCfg = Debug|Any CPU
		{1952E145-5080-49B6-A1C5-1BE3406C5F03}.Debug|Any CPU.Build.0 = Debug|Any CPU
		{1952E145-5080-49B6-A1C5-1BE3406C5F03}.Release|Any CPU.ActiveCfg = Release|Any CPU
		{1952E145-5080-49B6-A1C5-1BE3406C5F03}.Release|Any CPU.Build.0 = Release|Any CPU
		{70516EE0-7946-414A-8179-38C39952EBBA}.Debug|Any CPU.ActiveCfg = Debug|Any CPU
		{70516EE0-7946-414A-8179-38C39952EBBA}.Debug|Any CPU.Build.0 = Debug|Any CPU
		{70516EE0-7946-414A-8179-38C39952EBBA}.Release|Any CPU.ActiveCfg = Release|Any CPU
		{70516EE0-7946-414A-8179-38C39952EBBA}.Release|Any CPU.Build.0 = Release|Any CPU
		{E453A3B8-EC06-4682-99EA-1581C6A61971}.Debug|Any CPU.ActiveCfg = Debug|Any CPU
		{E453A3B8-EC06-4682-99EA-1581C6A61971}.Debug|Any CPU.Build.0 = Debug|Any CPU
		{E453A3B8-EC06-4682-99EA-1581C6A61971}.Release|Any CPU.ActiveCfg = Release|Any CPU
		{E453A3B8-EC06-4682-99EA-1581C6A61971}.Release|Any CPU.Build.0 = Release|Any CPU
	EndGlobalSection
	GlobalSection(SolutionProperties) = preSolution
		HideSolutionNode = FALSE
	EndGlobalSection
	GlobalSection(NestedProjects) = preSolution
		{A203C95F-5EB5-40E4-87AA-70FCA2E70177} = {0C266115-A33F-4EE7-AF76-F003D6E68A99}
		{9B24EC47-6D83-46C6-83BF-80B0D44B3ED1} = {0C266115-A33F-4EE7-AF76-F003D6E68A99}
		{EF650F4A-0685-45EB-A06A-2BE2D8B59975} = {EFA095D1-AE36-456F-A781-6B883626457B}
		{1C10BC73-68CA-4764-8CFD-FBF4965B646C} = {EFA095D1-AE36-456F-A781-6B883626457B}
		{8AC2FDC9-C0E4-45F7-B3CF-B5ADBD4BBCBA} = {EFA095D1-AE36-456F-A781-6B883626457B}
		{4322D6E1-324D-4CC3-8479-EDC50A54ECBD} = {0C266115-A33F-4EE7-AF76-F003D6E68A99}
		{1952E145-5080-49B6-A1C5-1BE3406C5F03} = {0C266115-A33F-4EE7-AF76-F003D6E68A99}
		{70516EE0-7946-414A-8179-38C39952EBBA} = {0C266115-A33F-4EE7-AF76-F003D6E68A99}
		{E453A3B8-EC06-4682-99EA-1581C6A61971} = {0C266115-A33F-4EE7-AF76-F003D6E68A99}
	EndGlobalSection
	GlobalSection(ExtensibilityGlobals) = postSolution
		SolutionGuid = {D17BE21B-856B-4BDC-99AE-3922EDA80103}
	EndGlobalSection
EndGlobal
